// !$*UTF8*$!
{
	archiveVersion = 1;
	classes = {
	};
	objectVersion = 77;
	objects = {

/* Begin PBXContainerItemProxy section */
		81C9B71E2F049E9D001F119C /* PBXContainerItemProxy */ = {
			isa = PBXContainerItemProxy;
			containerPortal = 81C9B7042F049E93001F119C /* Project object */;
			proxyType = 1;
			remoteGlobalIDString = 81C9B70B2F049E93001F119C;
			remoteInfo = ShoppingItemApp;
		};
		81C9B7282F049E9D001F119C /* PBXContainerItemProxy */ = {
			isa = PBXContainerItemProxy;
			containerPortal = 81C9B7042F049E93001F119C /* Project object */;
			proxyType = 1;
			remoteGlobalIDString = 81C9B70B2F049E93001F119C;
			remoteInfo = ShoppingItemApp;
		};
/* End PBXContainerItemProxy section */

/* Begin PBXFileReference section */
		81C9B70C2F049E93001F119C /* ShoppingItemApp.app */ = {isa = PBXFileReference; explicitFileType = wrapper.application; includeInIndex = 0; path = ShoppingItemApp.app; sourceTree = BUILT_PRODUCTS_DIR; };
		81C9B71D2F049E9D001F119C /* ShoppingItemAppTests.xctest */ = {isa = PBXFileReference; explicitFileType = wrapper.cfbundle; includeInIndex = 0; path = ShoppingItemAppTests.xctest; sourceTree = BUILT_PRODUCTS_DIR; };
		81C9B7272F049E9D001F119C /* ShoppingItemAppUITests.xctest */ = {isa = PBXFileReference; explicitFileType = wrapper.cfbundle; includeInIndex = 0; path = ShoppingItemAppUITests.xctest; sourceTree = BUILT_PRODUCTS_DIR; };
/* End PBXFileReference section */

/* Begin PBXFileSystemSynchronizedBuildFileExceptionSet section */
		819E6E7D2F0647E5002AAF2B /* Exceptions for "ShoppingItemApp" folder in "ShoppingItemApp" target */ = {
			isa = PBXFileSystemSynchronizedBuildFileExceptionSet;
			membershipExceptions = (
				Info.plist,
			);
			target = 81C9B70B2F049E93001F119C /* ShoppingItemApp */;
		};
/* End PBXFileSystemSynchronizedBuildFileExceptionSet section */

/* Begin PBXFileSystemSynchronizedRootGroup section */
		81C9B70E2F049E93001F119C /* ShoppingItemApp */ = {
			isa = PBXFileSystemSynchronizedRootGroup;
			exceptions = (
				819E6E7D2F0647E5002AAF2B /* Exceptions for "ShoppingItemApp" folder in "ShoppingItemApp" target */,
			);
			path = ShoppingItemApp;
			sourceTree = "<group>";
		};
		81C9B7202F049E9D001F119C /* ShoppingItemAppTests */ = {
			isa = PBXFileSystemSynchronizedRootGroup;
			path = ShoppingItemAppTests;
			sourceTree = "<group>";
		};
		81C9B72A2F049E9D001F119C /* ShoppingItemAppUITests */ = {
			isa = PBXFileSystemSynchronizedRootGroup;
			path = ShoppingItemAppUITests;
			sourceTree = "<group>";
		};
/* End PBXFileSystemSynchronizedRootGroup section */

/* Begin PBXFrameworksBuildPhase section */
		81C9B7092F049E93001F119C /* Frameworks */ = {
			isa = PBXFrameworksBuildPhase;
			buildActionMask = 2147483647;
			files = (
			);
			runOnlyForDeploymentPostprocessing = 0;
		};
		81C9B71A2F049E9D001F119C /* Frameworks */ = {
			isa = PBXFrameworksBuildPhase;
			buildActionMask = 2147483647;
			files = (
			);
			runOnlyForDeploymentPostprocessing = 0;
		};
		81C9B7242F049E9D001F119C /* Frameworks */ = {
			isa = PBXFrameworksBuildPhase;
			buildActionMask = 2147483647;
			files = (
			);
			runOnlyForDeploymentPostprocessing = 0;
		};
/* End PBXFrameworksBuildPhase section */

/* Begin PBXGroup section */
		81C9B7032F049E93001F119C = {
			isa = PBXGroup;
			children = (
				81C9B70E2F049E93001F119C /* ShoppingItemApp */,
				81C9B7202F049E9D001F119C /* ShoppingItemAppTests */,
				81C9B72A2F049E9D001F119C /* ShoppingItemAppUITests */,
				81C9B70D2F049E93001F119C /* Products */,
			);
			sourceTree = "<group>";
		};
		81C9B70D2F049E93001F119C /* Products */ = {
			isa = PBXGroup;
			children = (
				81C9B70C2F049E93001F119C /* ShoppingItemApp.app */,
				81C9B71D2F049E9D001F119C /* ShoppingItemAppTests.xctest */,
				81C9B7272F049E9D001F119C /* ShoppingItemAppUITests.xctest */,
			);
			name = Products;
			sourceTree = "<group>";
		};
/* End PBXGroup section */

/* Begin PBXNativeTarget section */
		81C9B70B2F049E93001F119C /* ShoppingItemApp */ = {
			isa = PBXNativeTarget;
			buildConfigurationList = 81C9B7312F049E9D001F119C /* Build configuration list for PBXNativeTarget "ShoppingItemApp" */;
			buildPhases = (
				81C9B7082F049E93001F119C /* Sources */,
				81C9B7092F049E93001F119C /* Frameworks */,
				81C9B70A2F049E93001F119C /* Resources */,
			);
			buildRules = (
			);
			dependencies = (
			);
			fileSystemSynchronizedGroups = (
				81C9B70E2F049E93001F119C /* ShoppingItemApp */,
			);
			name = ShoppingItemApp;
			packageProductDependencies = (
			);
			productName = ShoppingItemApp;
			productReference = 81C9B70C2F049E93001F119C /* ShoppingItemApp.app */;
			productType = "com.apple.product-type.application";
		};
		81C9B71C2F049E9D001F119C /* ShoppingItemAppTests */ = {
			isa = PBXNativeTarget;
			buildConfigurationList = 81C9B7342F049E9D001F119C /* Build configuration list for PBXNativeTarget "ShoppingItemAppTests" */;
			buildPhases = (
				81C9B7192F049E9D001F119C /* Sources */,
				81C9B71A2F049E9D001F119C /* Frameworks */,
				81C9B71B2F049E9D001F119C /* Resources */,
			);
			buildRules = (
			);
			dependencies = (
				81C9B71F2F049E9D001F119C /* PBXTargetDependency */,
			);
			fileSystemSynchronizedGroups = (
				81C9B7202F049E9D001F119C /* ShoppingItemAppTests */,
			);
			name = ShoppingItemAppTests;
			packageProductDependencies = (
			);
			productName = ShoppingItemAppTests;
			productReference = 81C9B71D2F049E9D001F119C /* ShoppingItemAppTests.xctest */;
			productType = "com.apple.product-type.bundle.unit-test";
		};
		81C9B7262F049E9D001F119C /* ShoppingItemAppUITests */ = {
			isa = PBXNativeTarget;
			buildConfigurationList = 81C9B7372F049E9D001F119C /* Build configuration list for PBXNativeTarget "ShoppingItemAppUITests" */;
			buildPhases = (
				81C9B7232F049E9D001F119C /* Sources */,
				81C9B7242F049E9D001F119C /* Frameworks */,
				81C9B7252F049E9D001F119C /* Resources */,
			);
			buildRules = (
			);
			dependencies = (
				81C9B7292F049E9D001F119C /* PBXTargetDependency */,
			);
			fileSystemSynchronizedGroups = (
				81C9B72A2F049E9D001F119C /* ShoppingItemAppUITests */,
			);
			name = ShoppingItemAppUITests;
			packageProductDependencies = (
			);
			productName = ShoppingItemAppUITests;
			productReference = 81C9B7272F049E9D001F119C /* ShoppingItemAppUITests.xctest */;
			productType = "com.apple.product-type.bundle.ui-testing";
		};
/* End PBXNativeTarget section */

/* Begin PBXProject section */
		81C9B7042F049E93001F119C /* Project object */ = {
			isa = PBXProject;
			attributes = {
				BuildIndependentTargetsInParallel = 1;
				LastSwiftUpdateCheck = 1600;
				LastUpgradeCheck = 1600;
				TargetAttributes = {
					81C9B70B2F049E93001F119C = {
						CreatedOnToolsVersion = 16.0;
					};
					81C9B71C2F049E9D001F119C = {
						CreatedOnToolsVersion = 16.0;
						TestTargetID = 81C9B70B2F049E93001F119C;
					};
					81C9B7262F049E9D001F119C = {
						CreatedOnToolsVersion = 16.0;
						TestTargetID = 81C9B70B2F049E93001F119C;
					};
				};
			};
			buildConfigurationList = 81C9B7072F049E93001F119C /* Build configuration list for PBXProject "ShoppingItemApp" */;
			developmentRegion = en;
			hasScannedForEncodings = 0;
			knownRegions = (
				en,
				Base,
			);
			mainGroup = 81C9B7032F049E93001F119C;
			minimizedProjectReferenceProxies = 1;
			preferredProjectObjectVersion = 77;
			productRefGroup = 81C9B70D2F049E93001F119C /* Products */;
			projectDirPath = "";
			projectRoot = "";
			targets = (
				81C9B70B2F049E93001F119C /* ShoppingItemApp */,
				81C9B71C2F049E9D001F119C /* ShoppingItemAppTests */,
				81C9B7262F049E9D001F119C /* ShoppingItemAppUITests */,
			);
		};
/* End PBXProject section */

/* Begin PBXResourcesBuildPhase section */
		81C9B70A2F049E93001F119C /* Resources */ = {
			isa = PBXResourcesBuildPhase;
			buildActionMask = 2147483647;
			files = (
			);
			runOnlyForDeploymentPostprocessing = 0;
		};
		81C9B71B2F049E9D001F119C /* Resources */ = {
			isa = PBXResourcesBuildPhase;
			buildActionMask = 2147483647;
			files = (
			);
			runOnlyForDeploymentPostprocessing = 0;
		};
		81C9B7252F049E9D001F119C /* Resources */ = {
			isa = PBXResourcesBuildPhase;
			buildActionMask = 2147483647;
			files = (
			);
			runOnlyForDeploymentPostprocessing = 0;
		};
/* End PBXResourcesBuildPhase section */

/* Begin PBXSourcesBuildPhase section */
		81C9B7082F049E93001F119C /* Sources */ = {
			isa = PBXSourcesBuildPhase;
			buildActionMask = 2147483647;
			files = (
			);
			runOnlyForDeploymentPostprocessing = 0;
		};
		81C9B7192F049E9D001F119C /* Sources */ = {
			isa = PBXSourcesBuildPhase;
			buildActionMask = 2147483647;
			files = (
			);
			runOnlyForDeploymentPostprocessing = 0;
		};
		81C9B7232F049E9D001F119C /* Sources */ = {
			isa = PBXSourcesBuildPhase;
			buildActionMask = 2147483647;
			files = (
			);
			runOnlyForDeploymentPostprocessing = 0;
		};
/* End PBXSourcesBuildPhase section */

/* Begin PBXTargetDependency section */
		81C9B71F2F049E9D001F119C /* PBXTargetDependency */ = {
			isa = PBXTargetDependency;
			target = 81C9B70B2F049E93001F119C /* ShoppingItemApp */;
			targetProxy = 81C9B71E2F049E9D001F119C /* PBXContainerItemProxy */;
		};
		81C9B7292F049E9D001F119C /* PBXTargetDependency */ = {
			isa = PBXTargetDependency;
			target = 81C9B70B2F049E93001F119C /* ShoppingItemApp */;
			targetProxy = 81C9B7282F049E9D001F119C /* PBXContainerItemProxy */;
		};
/* End PBXTargetDependency section */

/* Begin XCBuildConfiguration section */
		81C9B72F2F049E9D001F119C /* Debug */ = {
			isa = XCBuildConfiguration;
			buildSettings = {
				ALWAYS_SEARCH_USER_PATHS = NO;
				ASSETCATALOG_COMPILER_GENERATE_SWIFT_ASSET_SYMBOL_EXTENSIONS = YES;
				CLANG_ANALYZER_NONNULL = YES;
				CLANG_ANALYZER_NUMBER_OBJECT_CONVERSION = YES_AGGRESSIVE;
				CLANG_CXX_LANGUAGE_STANDARD = "gnu++20";
				CLANG_ENABLE_MODULES = YES;
				CLANG_ENABLE_OBJC_ARC = YES;
				CLANG_ENABLE_OBJC_WEAK = YES;
				CLANG_WARN_BLOCK_CAPTURE_AUTORELEASING = YES;
				CLANG_WARN_BOOL_CONVERSION = YES;
				CLANG_WARN_COMMA = YES;
				CLANG_WARN_CONSTANT_CONVERSION = YES;
				CLANG_WARN_DEPRECATED_OBJC_IMPLEMENTATIONS = YES;
				CLANG_WARN_DIRECT_OBJC_ISA_USAGE = YES_ERROR;
				CLANG_WARN_DOCUMENTATION_COMMENTS = YES;
				CLANG_WARN_EMPTY_BODY = YES;
				CLANG_WARN_ENUM_CONVERSION = YES;
				CLANG_WARN_INFINITE_RECURSION = YES;
				CLANG_WARN_INT_CONVERSION = YES;
				CLANG_WARN_NON_LITERAL_NULL_CONVERSION = YES;
				CLANG_WARN_OBJC_IMPLICIT_RETAIN_SELF = YES;
				CLANG_WARN_OBJC_LITERAL_CONVERSION = YES;
				CLANG_WARN_OBJC_ROOT_CLASS = YES_ERROR;
				CLANG_WARN_QUOTED_INCLUDE_IN_FRAMEWORK_HEADER = YES;
				CLANG_WARN_RANGE_LOOP_ANALYSIS = YES;
				CLANG_WARN_STRICT_PROTOTYPES = YES;
				CLANG_WARN_SUSPICIOUS_MOVE = YES;
				CLANG_WARN_UNGUARDED_AVAILABILITY = YES_AGGRESSIVE;
				CLANG_WARN_UNREACHABLE_CODE = YES;
				CLANG_WARN__DUPLICATE_METHOD_MATCH = YES;
				COPY_PHASE_STRIP = NO;
				DEBUG_INFORMATION_FORMAT = dwarf;
				ENABLE_STRICT_OBJC_MSGSEND = YES;
				ENABLE_TESTABILITY = YES;
				ENABLE_USER_SCRIPT_SANDBOXING = YES;
				GCC_C_LANGUAGE_STANDARD = gnu17;
				GCC_DYNAMIC_NO_PIC = NO;
				GCC_NO_COMMON_BLOCKS = YES;
				GCC_OPTIMIZATION_LEVEL = 0;
				GCC_PREPROCESSOR_DEFINITIONS = (
					"DEBUG=1",
					"$(inherited)",
				);
				GCC_WARN_64_TO_32_BIT_CONVERSION = YES;
				GCC_WARN_ABOUT_RETURN_TYPE = YES_ERROR;
				GCC_WARN_UNDECLARED_SELECTOR = YES;
				GCC_WARN_UNINITIALIZED_AUTOS = YES_AGGRESSIVE;
				GCC_WARN_UNUSED_FUNCTION = YES;
				GCC_WARN_UNUSED_VARIABLE = YES;
				LOCALIZATION_PREFERS_STRING_CATALOGS = YES;
				MTL_ENABLE_DEBUG_INFO = INCLUDE_SOURCE;
				MTL_FAST_MATH = YES;
				ONLY_ACTIVE_ARCH = YES;
				SWIFT_ACTIVE_COMPILATION_CONDITIONS = "DEBUG $(inherited)";
				SWIFT_OPTIMIZATION_LEVEL = "-Onone";
			};
			name = Debug;
		};
		81C9B7302F049E9D001F119C /* Release */ = {
			isa = XCBuildConfiguration;
			buildSettings = {
				ALWAYS_SEARCH_USER_PATHS = NO;
				ASSETCATALOG_COMPILER_GENERATE_SWIFT_ASSET_SYMBOL_EXTENSIONS = YES;
				CLANG_ANALYZER_NONNULL = YES;
				CLANG_ANALYZER_NUMBER_OBJECT_CONVERSION = YES_AGGRESSIVE;
				CLANG_CXX_LANGUAGE_STANDARD = "gnu++20";
				CLANG_ENABLE_MODULES = YES;
				CLANG_ENABLE_OBJC_ARC = YES;
				CLANG_ENABLE_OBJC_WEAK = YES;
				CLANG_WARN_BLOCK_CAPTURE_AUTORELEASING = YES;
				CLANG_WARN_BOOL_CONVERSION = YES;
				CLANG_WARN_COMMA = YES;
				CLANG_WARN_CONSTANT_CONVERSION = YES;
				CLANG_WARN_DEPRECATED_OBJC_IMPLEMENTATIONS = YES;
				CLANG_WARN_DIRECT_OBJC_ISA_USAGE = YES_ERROR;
				CLANG_WARN_DOCUMENTATION_COMMENTS = YES;
				CLANG_WARN_EMPTY_BODY = YES;
				CLANG_WARN_ENUM_CONVERSION = YES;
				CLANG_WARN_INFINITE_RECURSION = YES;
				CLANG_WARN_INT_CONVERSION = YES;
				CLANG_WARN_NON_LITERAL_NULL_CONVERSION = YES;
				CLANG_WARN_OBJC_IMPLICIT_RETAIN_SELF = YES;
				CLANG_WARN_OBJC_LITERAL_CONVERSION = YES;
				CLANG_WARN_OBJC_ROOT_CLASS = YES_ERROR;
				CLANG_WARN_QUOTED_INCLUDE_IN_FRAMEWORK_HEADER = YES;
				CLANG_WARN_RANGE_LOOP_ANALYSIS = YES;
				CLANG_WARN_STRICT_PROTOTYPES = YES;
				CLANG_WARN_SUSPICIOUS_MOVE = YES;
				CLANG_WARN_UNGUARDED_AVAILABILITY = YES_AGGRESSIVE;
				CLANG_WARN_UNREACHABLE_CODE = YES;
				CLANG_WARN__DUPLICATE_METHOD_MATCH = YES;
				COPY_PHASE_STRIP = NO;
				DEBUG_INFORMATION_FORMAT = "dwarf-with-dsym";
				ENABLE_NS_ASSERTIONS = NO;
				ENABLE_STRICT_OBJC_MSGSEND = YES;
				ENABLE_USER_SCRIPT_SANDBOXING = YES;
				GCC_C_LANGUAGE_STANDARD = gnu17;
				GCC_NO_COMMON_BLOCKS = YES;
				GCC_WARN_64_TO_32_BIT_CONVERSION = YES;
				GCC_WARN_ABOUT_RETURN_TYPE = YES_ERROR;
				GCC_WARN_UNDECLARED_SELECTOR = YES;
				GCC_WARN_UNINITIALIZED_AUTOS = YES_AGGRESSIVE;
				GCC_WARN_UNUSED_FUNCTION = YES;
				GCC_WARN_UNUSED_VARIABLE = YES;
				LOCALIZATION_PREFERS_STRING_CATALOGS = YES;
				MTL_ENABLE_DEBUG_INFO = NO;
				MTL_FAST_MATH = YES;
				SWIFT_COMPILATION_MODE = wholemodule;
			};
			name = Release;
		};
		81C9B7322F049E9D001F119C /* Debug */ = {
			isa = XCBuildConfiguration;
			baseConfigurationReferenceAnchor = 81C9B70E2F049E93001F119C /* ShoppingItemApp */;
			baseConfigurationReferenceRelativePath = "Config/Environment-Local.xcconfig";
			buildSettings = {
				API_HOST_NAME = "${API_HOST_NAME}";
				ASSETCATALOG_COMPILER_APPICON_NAME = AppIcon;
				ASSETCATALOG_COMPILER_GLOBAL_ACCENT_COLOR_NAME = AccentColor;
				CODE_SIGN_ENTITLEMENTS = ShoppingItemApp/ShoppingItemApp.entitlements;
				CODE_SIGN_STYLE = Automatic;
				CURRENT_PROJECT_VERSION = 1;
				DEVELOPMENT_ASSET_PATHS = "\"ShoppingItemApp/Preview Content\"";
				DEVELOPMENT_TEAM = 28B7H3S76E;
				ENABLE_HARDENED_RUNTIME = YES;
				ENABLE_PREVIEWS = YES;
				GENERATE_INFOPLIST_FILE = YES;
				INFOPLIST_FILE = ShoppingItemApp/Info.plist;
				"INFOPLIST_KEY_UIApplicationSceneManifest_Generation[sdk=iphoneos*]" = YES;
				"INFOPLIST_KEY_UIApplicationSceneManifest_Generation[sdk=iphonesimulator*]" = YES;
				"INFOPLIST_KEY_UIApplicationSupportsIndirectInputEvents[sdk=iphoneos*]" = YES;
				"INFOPLIST_KEY_UIApplicationSupportsIndirectInputEvents[sdk=iphonesimulator*]" = YES;
				"INFOPLIST_KEY_UILaunchScreen_Generation[sdk=iphoneos*]" = YES;
				"INFOPLIST_KEY_UILaunchScreen_Generation[sdk=iphonesimulator*]" = YES;
				"INFOPLIST_KEY_UIStatusBarStyle[sdk=iphoneos*]" = UIStatusBarStyleDefault;
				"INFOPLIST_KEY_UIStatusBarStyle[sdk=iphonesimulator*]" = UIStatusBarStyleDefault;
				INFOPLIST_KEY_UISupportedInterfaceOrientations_iPad = "UIInterfaceOrientationPortrait UIInterfaceOrientationPortraitUpsideDown UIInterfaceOrientationLandscapeLeft UIInterfaceOrientationLandscapeRight";
				INFOPLIST_KEY_UISupportedInterfaceOrientations_iPhone = "UIInterfaceOrientationPortrait UIInterfaceOrientationLandscapeLeft UIInterfaceOrientationLandscapeRight";
				IPHONEOS_DEPLOYMENT_TARGET = 18.0;
				LD_RUNPATH_SEARCH_PATHS = "@executable_path/Frameworks";
				MARKETING_VERSION = 1.0;
				PRODUCT_BUNDLE_IDENTIFIER = com.github.whitney13625.ShoppingItemApp;
				PRODUCT_NAME = "$(TARGET_NAME)";
				SDKROOT = auto;
				SUPPORTED_PLATFORMS = "iphoneos iphonesimulator";
				SWIFT_EMIT_LOC_STRINGS = YES;
				SWIFT_VERSION = 5.0;
				TARGETED_DEVICE_FAMILY = "1,2";
			};
			name = Debug;
		};
		81C9B7332F049E9D001F119C /* Release */ = {
			isa = XCBuildConfiguration;
			baseConfigurationReferenceAnchor = 81C9B70E2F049E93001F119C /* ShoppingItemApp */;
			baseConfigurationReferenceRelativePath = Config/Environment.xcconfig;
			buildSettings = {
				API_HOST_NAME = "${API_HOST_NAME}";
				ASSETCATALOG_COMPILER_APPICON_NAME = AppIcon;
				ASSETCATALOG_COMPILER_GLOBAL_ACCENT_COLOR_NAME = AccentColor;
				CODE_SIGN_ENTITLEMENTS = ShoppingItemApp/ShoppingItemApp.entitlements;
				CODE_SIGN_STYLE = Automatic;
				CURRENT_PROJECT_VERSION = 1;
				DEVELOPMENT_ASSET_PATHS = "\"ShoppingItemApp/Preview Content\"";
				DEVELOPMENT_TEAM = 28B7H3S76E;
				ENABLE_HARDENED_RUNTIME = YES;
				ENABLE_PREVIEWS = YES;
				GENERATE_INFOPLIST_FILE = YES;
				INFOPLIST_FILE = ShoppingItemApp/Info.plist;
				"INFOPLIST_KEY_UIApplicationSceneManifest_Generation[sdk=iphoneos*]" = YES;
				"INFOPLIST_KEY_UIApplicationSceneManifest_Generation[sdk=iphonesimulator*]" = YES;
				"INFOPLIST_KEY_UIApplicationSupportsIndirectInputEvents[sdk=iphoneos*]" = YES;
				"INFOPLIST_KEY_UIApplicationSupportsIndirectInputEvents[sdk=iphonesimulator*]" = YES;
				"INFOPLIST_KEY_UILaunchScreen_Generation[sdk=iphoneos*]" = YES;
				"INFOPLIST_KEY_UILaunchScreen_Generation[sdk=iphonesimulator*]" = YES;
				"INFOPLIST_KEY_UIStatusBarStyle[sdk=iphoneos*]" = UIStatusBarStyleDefault;
				"INFOPLIST_KEY_UIStatusBarStyle[sdk=iphonesimulator*]" = UIStatusBarStyleDefault;
				INFOPLIST_KEY_UISupportedInterfaceOrientations_iPad = "UIInterfaceOrientationPortrait UIInterfaceOrientationPortraitUpsideDown UIInterfaceOrientationLandscapeLeft UIInterfaceOrientationLandscapeRight";
				INFOPLIST_KEY_UISupportedInterfaceOrientations_iPhone = "UIInterfaceOrientationPortrait UIInterfaceOrientationLandscapeLeft UIInterfaceOrientationLandscapeRight";
				IPHONEOS_DEPLOYMENT_TARGET = 18.0;
				LD_RUNPATH_SEARCH_PATHS = "@executable_path/Frameworks";
				MARKETING_VERSION = 1.0;
				PRODUCT_BUNDLE_IDENTIFIER = com.github.whitney13625.ShoppingItemApp;
				PRODUCT_NAME = "$(TARGET_NAME)";
				SDKROOT = auto;
				SUPPORTED_PLATFORMS = "iphoneos iphonesimulator";
				SWIFT_EMIT_LOC_STRINGS = YES;
				SWIFT_VERSION = 5.0;
				TARGETED_DEVICE_FAMILY = "1,2";
			};
			name = Release;
		};
		81C9B7352F049E9D001F119C /* Debug */ = {
			isa = XCBuildConfiguration;
			buildSettings = {
				BUNDLE_LOADER = "$(TEST_HOST)";
				CODE_SIGN_STYLE = Automatic;
				CURRENT_PROJECT_VERSION = 1;
				DEVELOPMENT_TEAM = 28B7H3S76E;
				GENERATE_INFOPLIST_FILE = YES;
				IPHONEOS_DEPLOYMENT_TARGET = 18.0;
				MARKETING_VERSION = 1.0;
				PRODUCT_BUNDLE_IDENTIFIER = com.github.whitney13625.ShoppingItemAppTests;
				PRODUCT_NAME = "$(TARGET_NAME)";
				SDKROOT = auto;
				SUPPORTED_PLATFORMS = "iphoneos iphonesimulator";
				SWIFT_EMIT_LOC_STRINGS = NO;
				SWIFT_VERSION = 5.0;
				TARGETED_DEVICE_FAMILY = "1,2";
				TEST_HOST = "$(BUILT_PRODUCTS_DIR)/ShoppingItemApp.app/$(BUNDLE_EXECUTABLE_FOLDER_PATH)/ShoppingItemApp";
			};
			name = Debug;
		};
		81C9B7362F049E9D001F119C /* Release */ = {
			isa = XCBuildConfiguration;
			buildSettings = {
				BUNDLE_LOADER = "$(TEST_HOST)";
				CODE_SIGN_STYLE = Automatic;
				CURRENT_PROJECT_VERSION = 1;
				DEVELOPMENT_TEAM = 28B7H3S76E;
				GENERATE_INFOPLIST_FILE = YES;
				IPHONEOS_DEPLOYMENT_TARGET = 18.0;
				MARKETING_VERSION = 1.0;
				PRODUCT_BUNDLE_IDENTIFIER = com.github.whitney13625.ShoppingItemAppTests;
				PRODUCT_NAME = "$(TARGET_NAME)";
				SDKROOT = auto;
				SUPPORTED_PLATFORMS = "iphoneos iphonesimulator";
				SWIFT_EMIT_LOC_STRINGS = NO;
				SWIFT_VERSION = 5.0;
				TARGETED_DEVICE_FAMILY = "1,2";
				TEST_HOST = "$(BUILT_PRODUCTS_DIR)/ShoppingItemApp.app/$(BUNDLE_EXECUTABLE_FOLDER_PATH)/ShoppingItemApp";
			};
			name = Release;
		};
		81C9B7382F049E9D001F119C /* Debug */ = {
			isa = XCBuildConfiguration;
			buildSettings = {
				CODE_SIGN_STYLE = Automatic;
				CURRENT_PROJECT_VERSION = 1;
				DEVELOPMENT_TEAM = 28B7H3S76E;
				GENERATE_INFOPLIST_FILE = YES;
				IPHONEOS_DEPLOYMENT_TARGET = 18.0;
				MARKETING_VERSION = 1.0;
				PRODUCT_BUNDLE_IDENTIFIER = com.github.whitney13625.ShoppingItemAppUITests;
				PRODUCT_NAME = "$(TARGET_NAME)";
				SDKROOT = auto;
				SUPPORTED_PLATFORMS = "iphoneos iphonesimulator";
				SWIFT_EMIT_LOC_STRINGS = NO;
				SWIFT_VERSION = 5.0;
				TARGETED_DEVICE_FAMILY = "1,2";
				TEST_TARGET_NAME = ShoppingItemApp;
			};
			name = Debug;
		};
		81C9B7392F049E9D001F119C /* Release */ = {
			isa = XCBuildConfiguration;
			buildSettings = {
				CODE_SIGN_STYLE = Automatic;
				CURRENT_PROJECT_VERSION = 1;
				DEVELOPMENT_TEAM = 28B7H3S76E;
				GENERATE_INFOPLIST_FILE = YES;
				IPHONEOS_DEPLOYMENT_TARGET = 18.0;
				MARKETING_VERSION = 1.0;
				PRODUCT_BUNDLE_IDENTIFIER = com.github.whitney13625.ShoppingItemAppUITests;
				PRODUCT_NAME = "$(TARGET_NAME)";
				SDKROOT = auto;
				SUPPORTED_PLATFORMS = "iphoneos iphonesimulator";
				SWIFT_EMIT_LOC_STRINGS = NO;
				SWIFT_VERSION = 5.0;
				TARGETED_DEVICE_FAMILY = "1,2";
				TEST_TARGET_NAME = ShoppingItemApp;
			};
			name = Release;
		};
/* End XCBuildConfiguration section */

/* Begin XCConfigurationList section */
		81C9B7072F049E93001F119C /* Build configuration list for PBXProject "ShoppingItemApp" */ = {
			isa = XCConfigurationList;
			buildConfigurations = (
				81C9B72F2F049E9D001F119C /* Debug */,
				81C9B7302F049E9D001F119C /* Release */,
			);
			defaultConfigurationIsVisible = 0;
			defaultConfigurationName = Release;
		};
		81C9B7312F049E9D001F119C /* Build configuration list for PBXNativeTarget "ShoppingItemApp" */ = {
			isa = XCConfigurationList;
			buildConfigurations = (
				81C9B7322F049E9D001F119C /* Debug */,
				81C9B7332F049E9D001F119C /* Release */,
			);
			defaultConfigurationIsVisible = 0;
			defaultConfigurationName = Release;
		};
		81C9B7342F049E9D001F119C /* Build configuration list for PBXNativeTarget "ShoppingItemAppTests" */ = {
			isa = XCConfigurationList;
			buildConfigurations = (
				81C9B7352F049E9D001F119C /* Debug */,
				81C9B7362F049E9D001F119C /* Release */,
			);
			defaultConfigurationIsVisible = 0;
			defaultConfigurationName = Release;
		};
		81C9B7372F049E9D001F119C /* Build configuration list for PBXNativeTarget "ShoppingItemAppUITests" */ = {
			isa = XCConfigurationList;
			buildConfigurations = (
				81C9B7382F049E9D001F119C /* Debug */,
				81C9B7392F049E9D001F119C /* Release */,
			);
			defaultConfigurationIsVisible = 0;
			defaultConfigurationName = Release;
		};
/* End XCConfigurationList section */
	};
	rootObject = 81C9B7042F049E93001F119C /* Project object */;
}
